
Microsoft Visual Studio Solution File, Format Version 12.00
# Visual Studio Version 17
VisualStudioVersion = 17.0.32112.339
MinimumVisualStudioVersion = 10.0.40219.1
Project("{FAE04EC0-301F-11D3-BF4B-00C04F79EFBC}") = "Exercícios 3", "Exercícios 3\Exercícios 3.csproj", "{7ABE7289-A0EE-49C8-9443-3255D010275B}"
EndProject
Project("{FAE04EC0-301F-11D3-BF4B-00C04F79EFBC}") = "2", "2\2.csproj", "{16282E61-C014-40BB-BE9D-A95C4916B862}"
EndProject
Project("{FAE04EC0-301F-11D3-BF4B-00C04F79EFBC}") = "3", "3\3.csproj", "{DD157240-C14C-484C-9D99-7296571D5D45}"
EndProject
Project("{FAE04EC0-301F-11D3-BF4B-00C04F79EFBC}") = "4", "4\4.csproj", "{A647499C-30EE-47F0-939C-0BE22219C142}"
EndProject
Project("{FAE04EC0-301F-11D3-BF4B-00C04F79EFBC}") = "5", "5\5.csproj", "{6B771BE6-2AD7-41F2-8BC1-85B8E9997362}"
EndProject
Global
	GlobalSection(SolutionConfigurationPlatforms) = preSolution
		Debug|Any CPU = Debug|Any CPU
		Release|Any CPU = Release|Any CPU
	EndGlobalSection
	GlobalSection(ProjectConfigurationPlatforms) = postSolution
		{7ABE7289-A0EE-49C8-9443-3255D010275B}.Debug|Any CPU.ActiveCfg = Debug|Any CPU
		{7ABE7289-A0EE-49C8-9443-3255D010275B}.Debug|Any CPU.Build.0 = Debug|Any CPU
		{7ABE7289-A0EE-49C8-9443-3255D010275B}.Release|Any CPU.ActiveCfg = Release|Any CPU
		{7ABE7289-A0EE-49C8-9443-3255D010275B}.Release|Any CPU.Build.0 = Release|Any CPU
		{16282E61-C014-40BB-BE9D-A95C4916B862}.Debug|Any CPU.ActiveCfg = Debug|Any CPU
		{16282E61-C014-40BB-BE9D-A95C4916B862}.Debug|Any CPU.Build.0 = Debug|Any CPU
		{16282E61-C014-40BB-BE9D-A95C4916B862}.Release|Any CPU.ActiveCfg = Release|Any CPU
		{16282E61-C014-40BB-BE9D-A95C4916B862}.Release|Any CPU.Build.0 = Release|Any CPU
		{DD157240-C14C-484C-9D99-7296571D5D45}.Debug|Any CPU.ActiveCfg = Debug|Any CPU
		{DD157240-C14C-484C-9D99-7296571D5D45}.Debug|Any CPU.Build.0 = Debug|Any CPU
		{DD157240-C14C-484C-9D99-7296571D5D45}.Release|Any CPU.ActiveCfg = Release|Any CPU
		{DD157240-C14C-484C-9D99-7296571D5D45}.Release|Any CPU.Build.0 = Release|Any CPU
		{A647499C-30EE-47F0-939C-0BE22219C142}.Debug|Any CPU.ActiveCfg = Debug|Any CPU
		{A647499C-30EE-47F0-939C-0BE22219C142}.Debug|Any CPU.Build.0 = Debug|Any CPU
		{A647499C-30EE-47F0-939C-0BE22219C142}.Release|Any CPU.ActiveCfg = Release|Any CPU
		{A647499C-30EE-47F0-939C-0BE22219C142}.Release|Any CPU.Build.0 = Release|Any CPU
		{6B771BE6-2AD7-41F2-8BC1-85B8E9997362}.Debug|Any CPU.ActiveCfg = Debug|Any CPU
		{6B771BE6-2AD7-41F2-8BC1-85B8E9997362}.Debug|Any CPU.Build.0 = Debug|Any CPU
		{6B771BE6-2AD7-41F2-8BC1-85B8E9997362}.Release|Any CPU.ActiveCfg = Release|Any CPU
		{6B771BE6-2AD7-41F2-8BC1-85B8E9997362}.Release|Any CPU.Build.0 = Release|Any CPU
	EndGlobalSection
	GlobalSection(SolutionProperties) = preSolution
		HideSolutionNode = FALSE
	EndGlobalSection
	GlobalSection(ExtensibilityGlobals) = postSolution
		SolutionGuid = {C99D9225-205B-45F7-BBCB-364DC0A4506B}
	EndGlobalSection
EndGlobal
